
Microsoft Visual Studio Solution File, Format Version 12.00
# Visual Studio Version 17
VisualStudioVersion = 17.11.35327.3
MinimumVisualStudioVersion = 10.0.40219.1
Project("{FAE04EC0-301F-11D3-BF4B-00C04F79EFBC}") = "misis_lab6", "misis_lab6\misis_lab6.csproj", "{81B4E4E2-CF12-4FFD-9BDB-08514F55DF15}"
EndProject
Global
	GlobalSection(SolutionConfigurationPlatforms) = preSolution
		Debug|Any CPU = Debug|Any CPU
		Release|Any CPU = Release|Any CPU
	EndGlobalSection
	GlobalSection(ProjectConfigurationPlatforms) = postSolution
		{81B4E4E2-CF12-4FFD-9BDB-08514F55DF15}.Debug|Any CPU.ActiveCfg = Debug|Any CPU
		{81B4E4E2-CF12-4FFD-9BDB-08514F55DF15}.Debug|Any CPU.Build.0 = Debug|Any CPU
		{81B4E4E2-CF12-4FFD-9BDB-08514F55DF15}.Release|Any CPU.ActiveCfg = Release|Any CPU
		{81B4E4E2-CF12-4FFD-9BDB-08514F55DF15}.Release|Any CPU.Build.0 = Release|Any CPU
	EndGlobalSection
	GlobalSection(SolutionProperties) = preSolution
		HideSolutionNode = FALSE
	EndGlobalSection
	GlobalSection(ExtensibilityGlobals) = postSolution
		SolutionGuid = {B87D4AD8-2AEE-4BFD-8CD4-3F05E51BFF79}
	EndGlobalSection
EndGlobal
